
Microsoft Visual Studio Solution File, Format Version 12.00
# Visual Studio Version 17
VisualStudioVersion = 17.11.35222.181
MinimumVisualStudioVersion = 10.0.40219.1
Project("{FAE04EC0-301F-11D3-BF4B-00C04F79EFBC}") = "Bouteilles", "Bouteilles.csproj", "{27C47E1B-A8EA-4381-B02E-5AF477246C00}"
EndProject
Global
	GlobalSection(SolutionConfigurationPlatforms) = preSolution
		Debug|Any CPU = Debug|Any CPU
		Release|Any CPU = Release|Any CPU
	EndGlobalSection
	GlobalSection(ProjectConfigurationPlatforms) = postSolution
		{27C47E1B-A8EA-4381-B02E-5AF477246C00}.Debug|Any CPU.ActiveCfg = Debug|Any CPU
		{27C47E1B-A8EA-4381-B02E-5AF477246C00}.Debug|Any CPU.Build.0 = Debug|Any CPU
		{27C47E1B-A8EA-4381-B02E-5AF477246C00}.Release|Any CPU.ActiveCfg = Release|Any CPU
		{27C47E1B-A8EA-4381-B02E-5AF477246C00}.Release|Any CPU.Build.0 = Release|Any CPU
	EndGlobalSection
	GlobalSection(SolutionProperties) = preSolution
		HideSolutionNode = FALSE
	EndGlobalSection
	GlobalSection(ExtensibilityGlobals) = postSolution
		SolutionGuid = {8A8D5DDE-0354-4DA6-8C58-F9DF1F523665}
	EndGlobalSection
EndGlobal
