
Microsoft Visual Studio Solution File, Format Version 12.00
# Visual Studio Version 17
VisualStudioVersion = 17.11.35222.181
MinimumVisualStudioVersion = 10.0.40219.1
Project("{FAE04EC0-301F-11D3-BF4B-00C04F79EFBC}") = "utilisateurEnregistrer", "utilisateurEnregistrer\utilisateurEnregistrer.csproj", "{4BD4AA42-08EC-44D6-AF71-6343A8BCADDB}"
EndProject
Global
	GlobalSection(SolutionConfigurationPlatforms) = preSolution
		Debug|Any CPU = Debug|Any CPU
		Release|Any CPU = Release|Any CPU
	EndGlobalSection
	GlobalSection(ProjectConfigurationPlatforms) = postSolution
		{4BD4AA42-08EC-44D6-AF71-6343A8BCADDB}.Debug|Any CPU.ActiveCfg = Debug|Any CPU
		{4BD4AA42-08EC-44D6-AF71-6343A8BCADDB}.Debug|Any CPU.Build.0 = Debug|Any CPU
		{4BD4AA42-08EC-44D6-AF71-6343A8BCADDB}.Release|Any CPU.ActiveCfg = Release|Any CPU
		{4BD4AA42-08EC-44D6-AF71-6343A8BCADDB}.Release|Any CPU.Build.0 = Release|Any CPU
	EndGlobalSection
	GlobalSection(SolutionProperties) = preSolution
		HideSolutionNode = FALSE
	EndGlobalSection
	GlobalSection(ExtensibilityGlobals) = postSolution
		SolutionGuid = {1A3D384C-90AA-4380-A11C-CDF79F1FCF08}
	EndGlobalSection
EndGlobal
