
Microsoft Visual Studio Solution File, Format Version 12.00
# Visual Studio Version 17
VisualStudioVersion = 17.11.35222.181
MinimumVisualStudioVersion = 10.0.40219.1
Project("{FAE04EC0-301F-11D3-BF4B-00C04F79EFBC}") = "EsTuMajeur", "EsTuMajeur\EsTuMajeur.csproj", "{8570B482-78B6-494B-97F6-E1A1868E2AAC}"
EndProject
Project("{FAE04EC0-301F-11D3-BF4B-00C04F79EFBC}") = "MaRetraite", "MaRetraite\MaRetraite.csproj", "{3EFAC6D5-FE99-46FD-A3CE-2B806DB469C3}"
EndProject
Project("{9A19103F-16F7-4668-BE54-9A1E7A4F7556}") = "TriDeNombres", "..\..\..\..\..\source\repos\01-Algorithmes\TriDeNombres\TriDeNombres.csproj", "{13A6D178-7140-436E-85CB-5416F314F3ED}"
EndProject
Global
	GlobalSection(SolutionConfigurationPlatforms) = preSolution
		Debug|Any CPU = Debug|Any CPU
		Release|Any CPU = Release|Any CPU
	EndGlobalSection
	GlobalSection(ProjectConfigurationPlatforms) = postSolution
		{8570B482-78B6-494B-97F6-E1A1868E2AAC}.Debug|Any CPU.ActiveCfg = Debug|Any CPU
		{8570B482-78B6-494B-97F6-E1A1868E2AAC}.Debug|Any CPU.Build.0 = Debug|Any CPU
		{8570B482-78B6-494B-97F6-E1A1868E2AAC}.Release|Any CPU.ActiveCfg = Release|Any CPU
		{8570B482-78B6-494B-97F6-E1A1868E2AAC}.Release|Any CPU.Build.0 = Release|Any CPU
		{3EFAC6D5-FE99-46FD-A3CE-2B806DB469C3}.Debug|Any CPU.ActiveCfg = Debug|Any CPU
		{3EFAC6D5-FE99-46FD-A3CE-2B806DB469C3}.Debug|Any CPU.Build.0 = Debug|Any CPU
		{3EFAC6D5-FE99-46FD-A3CE-2B806DB469C3}.Release|Any CPU.ActiveCfg = Release|Any CPU
		{3EFAC6D5-FE99-46FD-A3CE-2B806DB469C3}.Release|Any CPU.Build.0 = Release|Any CPU
		{13A6D178-7140-436E-85CB-5416F314F3ED}.Debug|Any CPU.ActiveCfg = Debug|Any CPU
		{13A6D178-7140-436E-85CB-5416F314F3ED}.Debug|Any CPU.Build.0 = Debug|Any CPU
		{13A6D178-7140-436E-85CB-5416F314F3ED}.Release|Any CPU.ActiveCfg = Release|Any CPU
		{13A6D178-7140-436E-85CB-5416F314F3ED}.Release|Any CPU.Build.0 = Release|Any CPU
	EndGlobalSection
	GlobalSection(SolutionProperties) = preSolution
		HideSolutionNode = FALSE
	EndGlobalSection
	GlobalSection(ExtensibilityGlobals) = postSolution
		SolutionGuid = {63423D5F-8D02-4EFC-AA4A-7C538E44F8BD}
	EndGlobalSection
EndGlobal
