
Microsoft Visual Studio Solution File, Format Version 12.00
# Visual Studio Version 17
VisualStudioVersion = 17.11.35222.181
MinimumVisualStudioVersion = 10.0.40219.1
Project("{9A19103F-16F7-4668-BE54-9A1E7A4F7556}") = "ControleLaSaisie", "ControleLaSaisie\ControleLaSaisie.csproj", "{9A30BA75-0816-420C-A730-5CAFDD9E2024}"
EndProject
Project("{FAE04EC0-301F-11D3-BF4B-00C04F79EFBC}") = "Contrôler la saisie avec limite", "Contrôler la saisie avec limite\Contrôler la saisie avec limite.csproj", "{0512F798-72BA-45A2-8B93-1BFA6578DEAF}"
EndProject
Global
	GlobalSection(SolutionConfigurationPlatforms) = preSolution
		Debug|Any CPU = Debug|Any CPU
		Release|Any CPU = Release|Any CPU
	EndGlobalSection
	GlobalSection(ProjectConfigurationPlatforms) = postSolution
		{9A30BA75-0816-420C-A730-5CAFDD9E2024}.Debug|Any CPU.ActiveCfg = Debug|Any CPU
		{9A30BA75-0816-420C-A730-5CAFDD9E2024}.Debug|Any CPU.Build.0 = Debug|Any CPU
		{9A30BA75-0816-420C-A730-5CAFDD9E2024}.Release|Any CPU.ActiveCfg = Release|Any CPU
		{9A30BA75-0816-420C-A730-5CAFDD9E2024}.Release|Any CPU.Build.0 = Release|Any CPU
		{0512F798-72BA-45A2-8B93-1BFA6578DEAF}.Debug|Any CPU.ActiveCfg = Debug|Any CPU
		{0512F798-72BA-45A2-8B93-1BFA6578DEAF}.Debug|Any CPU.Build.0 = Debug|Any CPU
		{0512F798-72BA-45A2-8B93-1BFA6578DEAF}.Release|Any CPU.ActiveCfg = Release|Any CPU
		{0512F798-72BA-45A2-8B93-1BFA6578DEAF}.Release|Any CPU.Build.0 = Release|Any CPU
	EndGlobalSection
	GlobalSection(SolutionProperties) = preSolution
		HideSolutionNode = FALSE
	EndGlobalSection
	GlobalSection(ExtensibilityGlobals) = postSolution
		SolutionGuid = {86220ED7-5C31-4AC3-B8DA-E10B59E56D6E}
	EndGlobalSection
EndGlobal
